
Microsoft Visual Studio Solution File, Format Version 12.00
# Visual Studio Version 16
VisualStudioVersion = 16.0.30907.101
MinimumVisualStudioVersion = 10.0.40219.1
Project("{FAE04EC0-301F-11D3-BF4B-00C04F79EFBC}") = "Learning03", "Learning03\Learning03.csproj", "{FF6F63F2-4963-4C04-90FF-4FEA479A1F9B}"
EndProject
Global
	GlobalSection(SolutionConfigurationPlatforms) = preSolution
		Debug|Any CPU = Debug|Any CPU
		Release|Any CPU = Release|Any CPU
	EndGlobalSection
	GlobalSection(ProjectConfigurationPlatforms) = postSolution
		{FF6F63F2-4963-4C04-90FF-4FEA479A1F9B}.Debug|Any CPU.ActiveCfg = Debug|Any CPU
		{FF6F63F2-4963-4C04-90FF-4FEA479A1F9B}.Debug|Any CPU.Build.0 = Debug|Any CPU
		{FF6F63F2-4963-4C04-90FF-4FEA479A1F9B}.Release|Any CPU.ActiveCfg = Release|Any CPU
		{FF6F63F2-4963-4C04-90FF-4FEA479A1F9B}.Release|Any CPU.Build.0 = Release|Any CPU
	EndGlobalSection
	GlobalSection(SolutionProperties) = preSolution
		HideSolutionNode = FALSE
	EndGlobalSection
	GlobalSection(ExtensibilityGlobals) = postSolution
		SolutionGuid = {F8E0E294-2AB1-415C-B495-7F982EE961C1}
	EndGlobalSection
EndGlobal
