
Microsoft Visual Studio Solution File, Format Version 12.00
# Visual Studio Version 16
VisualStudioVersion = 16.0.30907.101
MinimumVisualStudioVersion = 10.0.40219.1
Project("{FAE04EC0-301F-11D3-BF4B-00C04F79EFBC}") = "Learning10", "Learning10\Learning10.csproj", "{9A8569BE-03D1-40EC-A8BF-29F24B981CB0}"
EndProject
Global
	GlobalSection(SolutionConfigurationPlatforms) = preSolution
		Debug|Any CPU = Debug|Any CPU
		Release|Any CPU = Release|Any CPU
	EndGlobalSection
	GlobalSection(ProjectConfigurationPlatforms) = postSolution
		{9A8569BE-03D1-40EC-A8BF-29F24B981CB0}.Debug|Any CPU.ActiveCfg = Debug|Any CPU
		{9A8569BE-03D1-40EC-A8BF-29F24B981CB0}.Debug|Any CPU.Build.0 = Debug|Any CPU
		{9A8569BE-03D1-40EC-A8BF-29F24B981CB0}.Release|Any CPU.ActiveCfg = Release|Any CPU
		{9A8569BE-03D1-40EC-A8BF-29F24B981CB0}.Release|Any CPU.Build.0 = Release|Any CPU
	EndGlobalSection
	GlobalSection(SolutionProperties) = preSolution
		HideSolutionNode = FALSE
	EndGlobalSection
	GlobalSection(ExtensibilityGlobals) = postSolution
		SolutionGuid = {3ED24231-7E59-449F-B669-EB1C0DC04B10}
	EndGlobalSection
EndGlobal
