
Microsoft Visual Studio Solution File, Format Version 12.00
# Visual Studio Version 16
VisualStudioVersion = 16.0.30907.101
MinimumVisualStudioVersion = 10.0.40219.1
Project("{FAE04EC0-301F-11D3-BF4B-00C04F79EFBC}") = "Learning02", "Learning02\Learning02.csproj", "{9E2BBAD0-B609-407B-9507-15269FD6F899}"
EndProject
Global
	GlobalSection(SolutionConfigurationPlatforms) = preSolution
		Debug|Any CPU = Debug|Any CPU
		Release|Any CPU = Release|Any CPU
	EndGlobalSection
	GlobalSection(ProjectConfigurationPlatforms) = postSolution
		{9E2BBAD0-B609-407B-9507-15269FD6F899}.Debug|Any CPU.ActiveCfg = Debug|Any CPU
		{9E2BBAD0-B609-407B-9507-15269FD6F899}.Debug|Any CPU.Build.0 = Debug|Any CPU
		{9E2BBAD0-B609-407B-9507-15269FD6F899}.Release|Any CPU.ActiveCfg = Release|Any CPU
		{9E2BBAD0-B609-407B-9507-15269FD6F899}.Release|Any CPU.Build.0 = Release|Any CPU
	EndGlobalSection
	GlobalSection(SolutionProperties) = preSolution
		HideSolutionNode = FALSE
	EndGlobalSection
	GlobalSection(ExtensibilityGlobals) = postSolution
		SolutionGuid = {DFBBC8C5-A13C-4360-A3BD-76D37C4BE953}
	EndGlobalSection
EndGlobal
