
Microsoft Visual Studio Solution File, Format Version 12.00
# Visual Studio Version 16
VisualStudioVersion = 16.0.30907.101
MinimumVisualStudioVersion = 10.0.40219.1
Project("{FAE04EC0-301F-11D3-BF4B-00C04F79EFBC}") = "Learning08", "Learning08\Learning08.csproj", "{861CAA4D-6580-4442-A831-B804CD1ADE9A}"
EndProject
Global
	GlobalSection(SolutionConfigurationPlatforms) = preSolution
		Debug|Any CPU = Debug|Any CPU
		Release|Any CPU = Release|Any CPU
	EndGlobalSection
	GlobalSection(ProjectConfigurationPlatforms) = postSolution
		{861CAA4D-6580-4442-A831-B804CD1ADE9A}.Debug|Any CPU.ActiveCfg = Debug|Any CPU
		{861CAA4D-6580-4442-A831-B804CD1ADE9A}.Debug|Any CPU.Build.0 = Debug|Any CPU
		{861CAA4D-6580-4442-A831-B804CD1ADE9A}.Release|Any CPU.ActiveCfg = Release|Any CPU
		{861CAA4D-6580-4442-A831-B804CD1ADE9A}.Release|Any CPU.Build.0 = Release|Any CPU
	EndGlobalSection
	GlobalSection(SolutionProperties) = preSolution
		HideSolutionNode = FALSE
	EndGlobalSection
	GlobalSection(ExtensibilityGlobals) = postSolution
		SolutionGuid = {9D848D23-C6CB-4C1A-AA2B-9FC07FAA10DA}
	EndGlobalSection
EndGlobal
